
Microsoft Visual Studio Solution File, Format Version 12.00
# Visual Studio Version 16
VisualStudioVersion = 16.0.30204.135
MinimumVisualStudioVersion = 10.0.40219.1
Project("{FAE04EC0-301F-11D3-BF4B-00C04F79EFBC}") = "App17.UWP", "App17\App17.UWP\App17.UWP.csproj", "{7F4B63C5-DAB6-4E0F-B7FB-F9C0AB94C631}"
EndProject
Project("{FAE04EC0-301F-11D3-BF4B-00C04F79EFBC}") = "App17.Android", "App17\App17.Android\App17.Android.csproj", "{F11F4543-B963-4746-8A6D-60D5262DE8A2}"
EndProject
Project("{FAE04EC0-301F-11D3-BF4B-00C04F79EFBC}") = "App17.iOS", "App17\App17.iOS\App17.iOS.csproj", "{D6E55A06-8B56-4466-8B14-74326494F79F}"
EndProject
Project("{FAE04EC0-301F-11D3-BF4B-00C04F79EFBC}") = "App17", "App17\App17\App17.csproj", "{81BA8A5E-87F3-4CC5-8154-55CE289A721B}"
EndProject
Global
	GlobalSection(SolutionConfigurationPlatforms) = preSolution
		Debug|Any CPU = Debug|Any CPU
		Debug|ARM = Debug|ARM
		Debug|iPhone = Debug|iPhone
		Debug|iPhoneSimulator = Debug|iPhoneSimulator
		Debug|x64 = Debug|x64
		Debug|x86 = Debug|x86
		Release|Any CPU = Release|Any CPU
		Release|ARM = Release|ARM
		Release|iPhone = Release|iPhone
		Release|iPhoneSimulator = Release|iPhoneSimulator
		Release|x64 = Release|x64
		Release|x86 = Release|x86
	EndGlobalSection
	GlobalSection(ProjectConfigurationPlatforms) = postSolution
		{7F4B63C5-DAB6-4E0F-B7FB-F9C0AB94C631}.Debug|Any CPU.ActiveCfg = Debug|x86
		{7F4B63C5-DAB6-4E0F-B7FB-F9C0AB94C631}.Debug|Any CPU.Build.0 = Debug|x86
		{7F4B63C5-DAB6-4E0F-B7FB-F9C0AB94C631}.Debug|Any CPU.Deploy.0 = Debug|x86
		{7F4B63C5-DAB6-4E0F-B7FB-F9C0AB94C631}.Debug|ARM.ActiveCfg = Debug|ARM
		{7F4B63C5-DAB6-4E0F-B7FB-F9C0AB94C631}.Debug|ARM.Build.0 = Debug|ARM
		{7F4B63C5-DAB6-4E0F-B7FB-F9C0AB94C631}.Debug|ARM.Deploy.0 = Debug|ARM
		{7F4B63C5-DAB6-4E0F-B7FB-F9C0AB94C631}.Debug|iPhone.ActiveCfg = Debug|x86
		{7F4B63C5-DAB6-4E0F-B7FB-F9C0AB94C631}.Debug|iPhone.Build.0 = Debug|x86
		{7F4B63C5-DAB6-4E0F-B7FB-F9C0AB94C631}.Debug|iPhone.Deploy.0 = Debug|x86
		{7F4B63C5-DAB6-4E0F-B7FB-F9C0AB94C631}.Debug|iPhoneSimulator.ActiveCfg = Debug|x86
		{7F4B63C5-DAB6-4E0F-B7FB-F9C0AB94C631}.Debug|iPhoneSimulator.Build.0 = Debug|x86
		{7F4B63C5-DAB6-4E0F-B7FB-F9C0AB94C631}.Debug|iPhoneSimulator.Deploy.0 = Debug|x86
		{7F4B63C5-DAB6-4E0F-B7FB-F9C0AB94C631}.Debug|x64.ActiveCfg = Debug|x64
		{7F4B63C5-DAB6-4E0F-B7FB-F9C0AB94C631}.Debug|x64.Build.0 = Debug|x64
		{7F4B63C5-DAB6-4E0F-B7FB-F9C0AB94C631}.Debug|x64.Deploy.0 = Debug|x64
		{7F4B63C5-DAB6-4E0F-B7FB-F9C0AB94C631}.Debug|x86.ActiveCfg = Debug|x86
		{7F4B63C5-DAB6-4E0F-B7FB-F9C0AB94C631}.Debug|x86.Build.0 = Debug|x86
		{7F4B63C5-DAB6-4E0F-B7FB-F9C0AB94C631}.Debug|x86.Deploy.0 = Debug|x86
		{7F4B63C5-DAB6-4E0F-B7FB-F9C0AB94C631}.Release|Any CPU.ActiveCfg = Release|x86
		{7F4B63C5-DAB6-4E0F-B7FB-F9C0AB94C631}.Release|Any CPU.Build.0 = Release|x86
		{7F4B63C5-DAB6-4E0F-B7FB-F9C0AB94C631}.Release|Any CPU.Deploy.0 = Release|x86
		{7F4B63C5-DAB6-4E0F-B7FB-F9C0AB94C631}.Release|ARM.ActiveCfg = Release|ARM
		{7F4B63C5-DAB6-4E0F-B7FB-F9C0AB94C631}.Release|ARM.Build.0 = Release|ARM
		{7F4B63C5-DAB6-4E0F-B7FB-F9C0AB94C631}.Release|ARM.Deploy.0 = Release|ARM
		{7F4B63C5-DAB6-4E0F-B7FB-F9C0AB94C631}.Release|iPhone.ActiveCfg = Release|x86
		{7F4B63C5-DAB6-4E0F-B7FB-F9C0AB94C631}.Release|iPhone.Build.0 = Release|x86
		{7F4B63C5-DAB6-4E0F-B7FB-F9C0AB94C631}.Release|iPhone.Deploy.0 = Release|x86
		{7F4B63C5-DAB6-4E0F-B7FB-F9C0AB94C631}.Release|iPhoneSimulator.ActiveCfg = Release|x86
		{7F4B63C5-DAB6-4E0F-B7FB-F9C0AB94C631}.Release|iPhoneSimulator.Build.0 = Release|x86
		{7F4B63C5-DAB6-4E0F-B7FB-F9C0AB94C631}.Release|iPhoneSimulator.Deploy.0 = Release|x86
		{7F4B63C5-DAB6-4E0F-B7FB-F9C0AB94C631}.Release|x64.ActiveCfg = Release|x64
		{7F4B63C5-DAB6-4E0F-B7FB-F9C0AB94C631}.Release|x64.Build.0 = Release|x64
		{7F4B63C5-DAB6-4E0F-B7FB-F9C0AB94C631}.Release|x64.Deploy.0 = Release|x64
		{7F4B63C5-DAB6-4E0F-B7FB-F9C0AB94C631}.Release|x86.ActiveCfg = Release|x86
		{7F4B63C5-DAB6-4E0F-B7FB-F9C0AB94C631}.Release|x86.Build.0 = Release|x86
		{7F4B63C5-DAB6-4E0F-B7FB-F9C0AB94C631}.Release|x86.Deploy.0 = Release|x86
		{F11F4543-B963-4746-8A6D-60D5262DE8A2}.Debug|Any CPU.ActiveCfg = Debug|Any CPU
		{F11F4543-B963-4746-8A6D-60D5262DE8A2}.Debug|Any CPU.Build.0 = Debug|Any CPU
		{F11F4543-B963-4746-8A6D-60D5262DE8A2}.Debug|Any CPU.Deploy.0 = Debug|Any CPU
		{F11F4543-B963-4746-8A6D-60D5262DE8A2}.Debug|ARM.ActiveCfg = Debug|Any CPU
		{F11F4543-B963-4746-8A6D-60D5262DE8A2}.Debug|ARM.Build.0 = Debug|Any CPU
		{F11F4543-B963-4746-8A6D-60D5262DE8A2}.Debug|ARM.Deploy.0 = Debug|Any CPU
		{F11F4543-B963-4746-8A6D-60D5262DE8A2}.Debug|iPhone.ActiveCfg = Debug|Any CPU
		{F11F4543-B963-4746-8A6D-60D5262DE8A2}.Debug|iPhone.Build.0 = Debug|Any CPU
		{F11F4543-B963-4746-8A6D-60D5262DE8A2}.Debug|iPhone.Deploy.0 = Debug|Any CPU
		{F11F4543-B963-4746-8A6D-60D5262DE8A2}.Debug|iPhoneSimulator.ActiveCfg = Debug|Any CPU
		{F11F4543-B963-4746-8A6D-60D5262DE8A2}.Debug|iPhoneSimulator.Build.0 = Debug|Any CPU
		{F11F4543-B963-4746-8A6D-60D5262DE8A2}.Debug|iPhoneSimulator.Deploy.0 = Debug|Any CPU
		{F11F4543-B963-4746-8A6D-60D5262DE8A2}.Debug|x64.ActiveCfg = Debug|Any CPU
		{F11F4543-B963-4746-8A6D-60D5262DE8A2}.Debug|x64.Build.0 = Debug|Any CPU
		{F11F4543-B963-4746-8A6D-60D5262DE8A2}.Debug|x64.Deploy.0 = Debug|Any CPU
		{F11F4543-B963-4746-8A6D-60D5262DE8A2}.Debug|x86.ActiveCfg = Debug|Any CPU
		{F11F4543-B963-4746-8A6D-60D5262DE8A2}.Debug|x86.Build.0 = Debug|Any CPU
		{F11F4543-B963-4746-8A6D-60D5262DE8A2}.Debug|x86.Deploy.0 = Debug|Any CPU
		{F11F4543-B963-4746-8A6D-60D5262DE8A2}.Release|Any CPU.ActiveCfg = Release|Any CPU
		{F11F4543-B963-4746-8A6D-60D5262DE8A2}.Release|Any CPU.Build.0 = Release|Any CPU
		{F11F4543-B963-4746-8A6D-60D5262DE8A2}.Release|Any CPU.Deploy.0 = Release|Any CPU
		{F11F4543-B963-4746-8A6D-60D5262DE8A2}.Release|ARM.ActiveCfg = Release|Any CPU
		{F11F4543-B963-4746-8A6D-60D5262DE8A2}.Release|ARM.Build.0 = Release|Any CPU
		{F11F4543-B963-4746-8A6D-60D5262DE8A2}.Release|ARM.Deploy.0 = Release|Any CPU
		{F11F4543-B963-4746-8A6D-60D5262DE8A2}.Release|iPhone.ActiveCfg = Release|Any CPU
		{F11F4543-B963-4746-8A6D-60D5262DE8A2}.Release|iPhone.Build.0 = Release|Any CPU
		{F11F4543-B963-4746-8A6D-60D5262DE8A2}.Release|iPhone.Deploy.0 = Release|Any CPU
		{F11F4543-B963-4746-8A6D-60D5262DE8A2}.Release|iPhoneSimulator.ActiveCfg = Release|Any CPU
		{F11F4543-B963-4746-8A6D-60D5262DE8A2}.Release|iPhoneSimulator.Build.0 = Release|Any CPU
		{F11F4543-B963-4746-8A6D-60D5262DE8A2}.Release|iPhoneSimulator.Deploy.0 = Release|Any CPU
		{F11F4543-B963-4746-8A6D-60D5262DE8A2}.Release|x64.ActiveCfg = Release|Any CPU
		{F11F4543-B963-4746-8A6D-60D5262DE8A2}.Release|x64.Build.0 = Release|Any CPU
		{F11F4543-B963-4746-8A6D-60D5262DE8A2}.Release|x64.Deploy.0 = Release|Any CPU
		{F11F4543-B963-4746-8A6D-60D5262DE8A2}.Release|x86.ActiveCfg = Release|Any CPU
		{F11F4543-B963-4746-8A6D-60D5262DE8A2}.Release|x86.Build.0 = Release|Any CPU
		{F11F4543-B963-4746-8A6D-60D5262DE8A2}.Release|x86.Deploy.0 = Release|Any CPU
		{D6E55A06-8B56-4466-8B14-74326494F79F}.Debug|Any CPU.ActiveCfg = Debug|iPhone
		{D6E55A06-8B56-4466-8B14-74326494F79F}.Debug|Any CPU.Build.0 = Debug|iPhone
		{D6E55A06-8B56-4466-8B14-74326494F79F}.Debug|Any CPU.Deploy.0 = Debug|iPhone
		{D6E55A06-8B56-4466-8B14-74326494F79F}.Debug|ARM.ActiveCfg = Debug|iPhone
		{D6E55A06-8B56-4466-8B14-74326494F79F}.Debug|ARM.Build.0 = Debug|iPhone
		{D6E55A06-8B56-4466-8B14-74326494F79F}.Debug|ARM.Deploy.0 = Debug|iPhone
		{D6E55A06-8B56-4466-8B14-74326494F79F}.Debug|iPhone.ActiveCfg = Debug|iPhone
		{D6E55A06-8B56-4466-8B14-74326494F79F}.Debug|iPhone.Build.0 = Debug|iPhone
		{D6E55A06-8B56-4466-8B14-74326494F79F}.Debug|iPhone.Deploy.0 = Debug|iPhone
		{D6E55A06-8B56-4466-8B14-74326494F79F}.Debug|iPhoneSimulator.ActiveCfg = Debug|iPhoneSimulator
		{D6E55A06-8B56-4466-8B14-74326494F79F}.Debug|iPhoneSimulator.Build.0 = Debug|iPhoneSimulator
		{D6E55A06-8B56-4466-8B14-74326494F79F}.Debug|iPhoneSimulator.Deploy.0 = Debug|iPhoneSimulator
		{D6E55A06-8B56-4466-8B14-74326494F79F}.Debug|x64.ActiveCfg = Debug|iPhone
		{D6E55A06-8B56-4466-8B14-74326494F79F}.Debug|x64.Build.0 = Debug|iPhone
		{D6E55A06-8B56-4466-8B14-74326494F79F}.Debug|x64.Deploy.0 = Debug|iPhone
		{D6E55A06-8B56-4466-8B14-74326494F79F}.Debug|x86.ActiveCfg = Debug|iPhone
		{D6E55A06-8B56-4466-8B14-74326494F79F}.Debug|x86.Build.0 = Debug|iPhone
		{D6E55A06-8B56-4466-8B14-74326494F79F}.Debug|x86.Deploy.0 = Debug|iPhone
		{D6E55A06-8B56-4466-8B14-74326494F79F}.Release|Any CPU.ActiveCfg = Release|iPhone
		{D6E55A06-8B56-4466-8B14-74326494F79F}.Release|Any CPU.Build.0 = Release|iPhone
		{D6E55A06-8B56-4466-8B14-74326494F79F}.Release|Any CPU.Deploy.0 = Release|iPhone
		{D6E55A06-8B56-4466-8B14-74326494F79F}.Release|ARM.ActiveCfg = Release|iPhone
		{D6E55A06-8B56-4466-8B14-74326494F79F}.Release|ARM.Build.0 = Release|iPhone
		{D6E55A06-8B56-4466-8B14-74326494F79F}.Release|ARM.Deploy.0 = Release|iPhone
		{D6E55A06-8B56-4466-8B14-74326494F79F}.Release|iPhone.ActiveCfg = Release|iPhone
		{D6E55A06-8B56-4466-8B14-74326494F79F}.Release|iPhone.Build.0 = Release|iPhone
		{D6E55A06-8B56-4466-8B14-74326494F79F}.Release|iPhone.Deploy.0 = Release|iPhone
		{D6E55A06-8B56-4466-8B14-74326494F79F}.Release|iPhoneSimulator.ActiveCfg = Release|iPhoneSimulator
		{D6E55A06-8B56-4466-8B14-74326494F79F}.Release|iPhoneSimulator.Build.0 = Release|iPhoneSimulator
		{D6E55A06-8B56-4466-8B14-74326494F79F}.Release|iPhoneSimulator.Deploy.0 = Release|iPhoneSimulator
		{D6E55A06-8B56-4466-8B14-74326494F79F}.Release|x64.ActiveCfg = Release|iPhone
		{D6E55A06-8B56-4466-8B14-74326494F79F}.Release|x64.Build.0 = Release|iPhone
		{D6E55A06-8B56-4466-8B14-74326494F79F}.Release|x64.Deploy.0 = Release|iPhone
		{D6E55A06-8B56-4466-8B14-74326494F79F}.Release|x86.ActiveCfg = Release|iPhone
		{D6E55A06-8B56-4466-8B14-74326494F79F}.Release|x86.Build.0 = Release|iPhone
		{D6E55A06-8B56-4466-8B14-74326494F79F}.Release|x86.Deploy.0 = Release|iPhone
		{81BA8A5E-87F3-4CC5-8154-55CE289A721B}.Debug|Any CPU.ActiveCfg = Debug|Any CPU
		{81BA8A5E-87F3-4CC5-8154-55CE289A721B}.Debug|Any CPU.Build.0 = Debug|Any CPU
		{81BA8A5E-87F3-4CC5-8154-55CE289A721B}.Debug|Any CPU.Deploy.0 = Debug|Any CPU
		{81BA8A5E-87F3-4CC5-8154-55CE289A721B}.Debug|ARM.ActiveCfg = Debug|Any CPU
		{81BA8A5E-87F3-4CC5-8154-55CE289A721B}.Debug|ARM.Build.0 = Debug|Any CPU
		{81BA8A5E-87F3-4CC5-8154-55CE289A721B}.Debug|ARM.Deploy.0 = Debug|Any CPU
		{81BA8A5E-87F3-4CC5-8154-55CE289A721B}.Debug|iPhone.ActiveCfg = Debug|Any CPU
		{81BA8A5E-87F3-4CC5-8154-55CE289A721B}.Debug|iPhone.Build.0 = Debug|Any CPU
		{81BA8A5E-87F3-4CC5-8154-55CE289A721B}.Debug|iPhone.Deploy.0 = Debug|Any CPU
		{81BA8A5E-87F3-4CC5-8154-55CE289A721B}.Debug|iPhoneSimulator.ActiveCfg = Debug|Any CPU
		{81BA8A5E-87F3-4CC5-8154-55CE289A721B}.Debug|iPhoneSimulator.Build.0 = Debug|Any CPU
		{81BA8A5E-87F3-4CC5-8154-55CE289A721B}.Debug|iPhoneSimulator.Deploy.0 = Debug|Any CPU
		{81BA8A5E-87F3-4CC5-8154-55CE289A721B}.Debug|x64.ActiveCfg = Debug|Any CPU
		{81BA8A5E-87F3-4CC5-8154-55CE289A721B}.Debug|x64.Build.0 = Debug|Any CPU
		{81BA8A5E-87F3-4CC5-8154-55CE289A721B}.Debug|x64.Deploy.0 = Debug|Any CPU
		{81BA8A5E-87F3-4CC5-8154-55CE289A721B}.Debug|x86.ActiveCfg = Debug|Any CPU
		{81BA8A5E-87F3-4CC5-8154-55CE289A721B}.Debug|x86.Build.0 = Debug|Any CPU
		{81BA8A5E-87F3-4CC5-8154-55CE289A721B}.Debug|x86.Deploy.0 = Debug|Any CPU
		{81BA8A5E-87F3-4CC5-8154-55CE289A721B}.Release|Any CPU.ActiveCfg = Release|Any CPU
		{81BA8A5E-87F3-4CC5-8154-55CE289A721B}.Release|Any CPU.Build.0 = Release|Any CPU
		{81BA8A5E-87F3-4CC5-8154-55CE289A721B}.Release|Any CPU.Deploy.0 = Release|Any CPU
		{81BA8A5E-87F3-4CC5-8154-55CE289A721B}.Release|ARM.ActiveCfg = Release|Any CPU
		{81BA8A5E-87F3-4CC5-8154-55CE289A721B}.Release|ARM.Build.0 = Release|Any CPU
		{81BA8A5E-87F3-4CC5-8154-55CE289A721B}.Release|ARM.Deploy.0 = Release|Any CPU
		{81BA8A5E-87F3-4CC5-8154-55CE289A721B}.Release|iPhone.ActiveCfg = Release|Any CPU
		{81BA8A5E-87F3-4CC5-8154-55CE289A721B}.Release|iPhone.Build.0 = Release|Any CPU
		{81BA8A5E-87F3-4CC5-8154-55CE289A721B}.Release|iPhone.Deploy.0 = Release|Any CPU
		{81BA8A5E-87F3-4CC5-8154-55CE289A721B}.Release|iPhoneSimulator.ActiveCfg = Release|Any CPU
		{81BA8A5E-87F3-4CC5-8154-55CE289A721B}.Release|iPhoneSimulator.Build.0 = Release|Any CPU
		{81BA8A5E-87F3-4CC5-8154-55CE289A721B}.Release|iPhoneSimulator.Deploy.0 = Release|Any CPU
		{81BA8A5E-87F3-4CC5-8154-55CE289A721B}.Release|x64.ActiveCfg = Release|Any CPU
		{81BA8A5E-87F3-4CC5-8154-55CE289A721B}.Release|x64.Build.0 = Release|Any CPU
		{81BA8A5E-87F3-4CC5-8154-55CE289A721B}.Release|x64.Deploy.0 = Release|Any CPU
		{81BA8A5E-87F3-4CC5-8154-55CE289A721B}.Release|x86.ActiveCfg = Release|Any CPU
		{81BA8A5E-87F3-4CC5-8154-55CE289A721B}.Release|x86.Build.0 = Release|Any CPU
		{81BA8A5E-87F3-4CC5-8154-55CE289A721B}.Release|x86.Deploy.0 = Release|Any CPU
	EndGlobalSection
	GlobalSection(SolutionProperties) = preSolution
		HideSolutionNode = FALSE
	EndGlobalSection
	GlobalSection(ExtensibilityGlobals) = postSolution
		SolutionGuid = {3ABB226D-CDA3-47A8-8CBE-A283082960CC}
	EndGlobalSection
EndGlobal
